# THIS IS AN AUTOGENERATED FILE. DO NOT EDIT THIS FILE DIRECTLY.
# yarn lockfile v1


"@auth0/auth0-spa-js@^1.22.1":
  version "1.22.1"
  resolved "https://registry.npmjs.org/@auth0/auth0-spa-js/-/auth0-spa-js-1.22.1.tgz"
  integrity sha512-l0FCmiN3XubpgCtB3U0ds4h+5WQNTnIF4eLT/fudHEtcyrT65QF/03LybGVdLyuvqdIF/D6OQsfjwYw0Ms605Q==
  dependencies:
    abortcontroller-polyfill "^1.7.3"
    browser-tabs-lock "^1.2.15"
    core-js "^3.22.6"
    es-cookie "^1.3.2"
    fast-text-encoding "^1.0.3"
    promise-polyfill "^8.2.3"
    unfetch "^4.2.0"

"@picocss/pico@^1.5.3":
  version "1.5.3"
  resolved "https://registry.npmjs.org/@picocss/pico/-/pico-1.5.3.tgz"
  integrity sha512-ZdZOxjlmj0BkpGpYo/ODgAcFpqIgpAACqEmIgpFtxHkam06ITfUfcj9+mPcd+Ti8Dh0KCSvHpmSnJA3+tOStlQ==

"@swc/core-darwin-arm64@1.2.218":
  version "1.2.218"
  resolved "https://registry.npmjs.org/@swc/core-darwin-arm64/-/core-darwin-arm64-1.2.218.tgz"
  integrity sha512-aTpFjWio8G0oukN76VtXCBPtFzH0PXIQ+1dFjGGkzrBcU5suztCCbhPBGhKRoWp3NJBwfPDwwWzmG+ddXrVAKg==

"@swc/core@^1.2.147":
  version "1.2.218"
  resolved "https://registry.npmjs.org/@swc/core/-/core-1.2.218.tgz"
  integrity sha512-wzXTeBUi3YAHr305lCo1tlxRj5Zpk7hu6rmulngH06NgrH7fS6bj8IaR7K2QPZ4ZZ4U+TGS2tOKbXBmqeMRUtg==
  optionalDependencies:
    "@swc/core-android-arm-eabi" "1.2.218"
    "@swc/core-android-arm64" "1.2.218"
    "@swc/core-darwin-arm64" "1.2.218"
    "@swc/core-darwin-x64" "1.2.218"
    "@swc/core-freebsd-x64" "1.2.218"
    "@swc/core-linux-arm-gnueabihf" "1.2.218"
    "@swc/core-linux-arm64-gnu" "1.2.218"
    "@swc/core-linux-arm64-musl" "1.2.218"
    "@swc/core-linux-x64-gnu" "1.2.218"
    "@swc/core-linux-x64-musl" "1.2.218"
    "@swc/core-win32-arm64-msvc" "1.2.218"
    "@swc/core-win32-ia32-msvc" "1.2.218"
    "@swc/core-win32-x64-msvc" "1.2.218"

"@types/node@>= 14", "@types/node@>=8.0.0 <15":
  version "14.18.22"
  resolved "https://registry.npmjs.org/@types/node/-/node-14.18.22.tgz"
  integrity sha512-qzaYbXVzin6EPjghf/hTdIbnVW1ErMx8rPzwRNJhlbyJhu2SyqlvjGOY/tbUt6VFyzg56lROcOeSQRInpt63Yw==

abort-controller@^3.0.0:
  version "3.0.0"
  resolved "https://registry.npmjs.org/abort-controller/-/abort-controller-3.0.0.tgz"
  integrity sha512-h8lQ8tacZYnR3vNQTgibj+tODHI5/+l06Au2Pcriv/Gmet0eaj4TwWH41sO9wnHDiQsEj19q0drzdWdeAHtweg==
  dependencies:
    event-target-shim "^5.0.0"

abortcontroller-polyfill@^1.4.0, abortcontroller-polyfill@^1.7.3:
  version "1.7.3"
  resolved "https://registry.npmjs.org/abortcontroller-polyfill/-/abortcontroller-polyfill-1.7.3.tgz"
  integrity sha512-zetDJxd89y3X99Kvo4qFx8GKlt6GsvN3UcRZHwU6iFA/0KiOmhkTVhe8oRoTBiTVPZu09x3vCra47+w8Yz1+2Q==

airtable@^0.11.4:
  version "0.11.4"
  resolved "https://registry.npmjs.org/airtable/-/airtable-0.11.4.tgz"
  integrity sha512-y8sEi/sMEdgtgvv0V8AhJyFQB9za+6qGIxllt60Ey5ELBgu+bNEc1hjY2aqzp9C38p0ORfaeRS5RSFWlcq11Aw==
  dependencies:
    "@types/node" ">=8.0.0 <15"
    abort-controller "^3.0.0"
    abortcontroller-polyfill "^1.4.0"
    lodash "^4.17.21"
    node-fetch "^2.6.7"

browser-tabs-lock@^1.2.15:
  version "1.2.15"
  resolved "https://registry.npmjs.org/browser-tabs-lock/-/browser-tabs-lock-1.2.15.tgz"
  integrity sha512-J8K9vdivK0Di+b8SBdE7EZxDr88TnATing7XoLw6+nFkXMQ6sVBh92K3NQvZlZU91AIkFRi0w3sztk5Z+vsswA==
  dependencies:
    lodash ">=4.17.21"

core-js@^3.22.6:
  version "3.23.5"
  resolved "https://registry.npmjs.org/core-js/-/core-js-3.23.5.tgz"
  integrity sha512-7Vh11tujtAZy82da4duVreQysIoO2EvVrur7y6IzZkH1IHPSekuDi8Vuw1+YKjkbfWLRD7Nc9ICQ/sIUDutcyg==

es-cookie@^1.3.2:
  version "1.3.2"
  resolved "https://registry.npmjs.org/es-cookie/-/es-cookie-1.3.2.tgz"
  integrity sha512-UTlYYhXGLOy05P/vKVT2Ui7WtC7NiRzGtJyAKKn32g5Gvcjn7KAClLPWlipCtxIus934dFg9o9jXiBL0nP+t9Q==

esbuild-darwin-arm64@0.15.18:
  version "0.15.18"
  resolved "https://registry.npmjs.org/esbuild-darwin-arm64/-/esbuild-darwin-arm64-0.15.18.tgz"
  integrity sha512-tKPSxcTJ5OmNb1btVikATJ8NftlyNlc8BVNtyT/UAr62JFOhwHlnoPrhYWz09akBLHI9nElFVfWSTSRsrZiDUA==

esbuild@^0.15.9:
  version "0.15.18"
  resolved "https://registry.npmjs.org/esbuild/-/esbuild-0.15.18.tgz"
  integrity sha512-x/R72SmW3sSFRm5zrrIjAhCeQSAWoni3CmHEqfQrZIQTM3lVCdehdwuIqaOtfC2slvpdlLa62GYoN8SxT23m6Q==
  optionalDependencies:
    "@esbuild/android-arm" "0.15.18"
    "@esbuild/linux-loong64" "0.15.18"
    esbuild-android-64 "0.15.18"
    esbuild-android-arm64 "0.15.18"
    esbuild-darwin-64 "0.15.18"
    esbuild-darwin-arm64 "0.15.18"
    esbuild-freebsd-64 "0.15.18"
    esbuild-freebsd-arm64 "0.15.18"
    esbuild-linux-32 "0.15.18"
    esbuild-linux-64 "0.15.18"
    esbuild-linux-arm "0.15.18"
    esbuild-linux-arm64 "0.15.18"
    esbuild-linux-mips64le "0.15.18"
    esbuild-linux-ppc64le "0.15.18"
    esbuild-linux-riscv64 "0.15.18"
    esbuild-linux-s390x "0.15.18"
    esbuild-netbsd-64 "0.15.18"
    esbuild-openbsd-64 "0.15.18"
    esbuild-sunos-64 "0.15.18"
    esbuild-windows-32 "0.15.18"
    esbuild-windows-64 "0.15.18"
    esbuild-windows-arm64 "0.15.18"

event-target-shim@^5.0.0:
  version "5.0.1"
  resolved "https://registry.npmjs.org/event-target-shim/-/event-target-shim-5.0.1.tgz"
  integrity sha512-i/2XbnSz/uxRCU6+NdVJgKWDTM427+MqYbkQzD321DuCQJUqOuJKIA0IM2+W2xtYHdKOmZ4dR6fExsd4SXL+WQ==

fast-text-encoding@^1.0.3:
  version "1.0.4"
  resolved "https://registry.npmjs.org/fast-text-encoding/-/fast-text-encoding-1.0.4.tgz"
  integrity sha512-x6lDDm/tBAzX9kmsPcZsNbvDs3Zey3+scsxaZElS8xWLgUMAg/oFLeewfUz0mu1CblHhhsu15jGkraldkFh8KQ==

fsevents@~2.3.2:
  version "2.3.3"
  resolved "https://registry.npmjs.org/fsevents/-/fsevents-2.3.3.tgz"
  integrity sha512-5xoDfX+fL7faATnagmWPpbFtwh/R77WmMMqqHGS65C3vvB0YHrgF+B1YmZ3441tMj5n63k0212XNoJwzlhffQw==

function-bind@^1.1.1:
  version "1.1.1"
  resolved "https://registry.npmjs.org/function-bind/-/function-bind-1.1.1.tgz"
  integrity sha512-yIovAzMX49sF8Yl58fSCWJ5svSLuaibPxXQJFLmBObTuCr0Mf1KiPopGM9NiFjiYBCbfaa2Fh6breQ6ANVTI0A==

has@^1.0.3:
  version "1.0.3"
  resolved "https://registry.npmjs.org/has/-/has-1.0.3.tgz"
  integrity sha512-f2dvO0VU6Oej7RkWJGrehjbzMAjFp5/VKPp5tTpWIV4JHHZK1/BxbFRtf/siA2SWTe09caDmVtYYzWEIbBS4zw==
  dependencies:
    function-bind "^1.1.1"

is-core-module@^2.9.0:
  version "2.9.0"
  resolved "https://registry.npmjs.org/is-core-module/-/is-core-module-2.9.0.tgz"
  integrity sha512-+5FPy5PnwmO3lvfMb0AsoPaBG+5KHUI0wYFXOtYPnVVVspTFUuMZNfNaNVRt3FZadstu2c8x23vykRW/NBoU6A==
  dependencies:
    has "^1.0.3"

lodash@^4.17.21, lodash@>=4.17.21:
  version "4.17.21"
  resolved "https://registry.npmjs.org/lodash/-/lodash-4.17.21.tgz"
  integrity sha512-v2kDEe57lecTulaDIuNTPy3Ry4gLGJ6Z1O3vE1krgXZNrsQ+LFTGHVxVjcXPs17LhbZVGedAJv8XZ1tvj5FvSg==

logrocket@^3.0.1:
  version "3.0.1"
  resolved "https://registry.npmjs.org/logrocket/-/logrocket-3.0.1.tgz"
  integrity sha512-jOWG+jEzobKVxGytzZ+4KGm2kiMQMRTHab2uDWQyVZcHfEF38BlCH1yjQVY4LCmuQUwZitP9biMzJZnyUQ0dtQ==

nanoid@^3.3.7:
  version "3.3.7"
  resolved "https://registry.npmjs.org/nanoid/-/nanoid-3.3.7.tgz"
  integrity sha512-eSRppjcPIatRIMC1U6UngP8XFcz8MQWGQdt1MTBQ7NaAmvXDfvNxbvWV3x2y6CdEUciCSsDHDQZbhYaB8QEo2g==

node-fetch@^2.6.7:
  version "2.6.7"
  resolved "https://registry.npmjs.org/node-fetch/-/node-fetch-2.6.7.tgz"
  integrity sha512-ZjMPFEfVx5j+y2yF35Kzx5sF7kDzxuDj6ziH4FFbOp87zKDZNx8yExJIb05OGF4Nlt9IHFIMBkRl41VdvcNdbQ==
  dependencies:
    whatwg-url "^5.0.0"

path-parse@^1.0.7:
  version "1.0.7"
  resolved "https://registry.npmjs.org/path-parse/-/path-parse-1.0.7.tgz"
  integrity sha512-LDJzPVEEEPR+y48z93A0Ed0yXb8pAByGWo/k5YYdYgpY2/2EsOsksJrq7lOHxryrVOn1ejG6oAp8ahvOIQD8sw==

picocolors@^1.0.0:
  version "1.0.0"
  resolved "https://registry.npmjs.org/picocolors/-/picocolors-1.0.0.tgz"
  integrity sha512-1fygroTLlHu66zi26VoTDv8yRgm0Fccecssto+MhsZ0D/DGW2sm8E8AjW7NU5VVTRt5GxbeZ5qBuJr+HyLYkjQ==

postcss@^8.4.18:
  version "8.4.35"
  resolved "https://registry.npmjs.org/postcss/-/postcss-8.4.35.tgz"
  integrity sha512-u5U8qYpBCpN13BsiEB0CbR1Hhh4Gc0zLFuedrHJKMctHCHAGrMdG0PRM/KErzAL3CU6/eckEtmHNB3x6e3c0vA==
  dependencies:
    nanoid "^3.3.7"
    picocolors "^1.0.0"
    source-map-js "^1.0.2"

promise-polyfill@^8.2.3:
  version "8.2.3"
  resolved "https://registry.npmjs.org/promise-polyfill/-/promise-polyfill-8.2.3.tgz"
  integrity sha512-Og0+jCRQetV84U8wVjMNccfGCnMQ9mGs9Hv78QFe+pSDD3gWTpz0y+1QCuxy5d/vBFuZ3iwP2eycAkvqIMPmWg==

resolve@^1.22.1:
  version "1.22.1"
  resolved "https://registry.npmjs.org/resolve/-/resolve-1.22.1.tgz"
  integrity sha512-nBpuuYuY5jFsli/JIs1oldw6fOQCBioohqWZg/2hiaOybXOft4lonv85uDOKXdf8rhyK159cxU5cDcK/NKk8zw==
  dependencies:
    is-core-module "^2.9.0"
    path-parse "^1.0.7"
    supports-preserve-symlinks-flag "^1.0.0"

rollup@^2.79.1:
  version "2.79.1"
  resolved "https://registry.npmjs.org/rollup/-/rollup-2.79.1.tgz"
  integrity sha512-uKxbd0IhMZOhjAiD5oAFp7BqvkA4Dv47qpOCtaNvng4HBwdbWtdOh8f5nZNuk2rp51PMGk3bzfWu5oayNEuYnw==
  optionalDependencies:
    fsevents "~2.3.2"

source-map-js@^1.0.2:
  version "1.0.2"
  resolved "https://registry.npmjs.org/source-map-js/-/source-map-js-1.0.2.tgz"
  integrity sha512-R0XvVJ9WusLiqTCEiGCmICCMplcCkIwwR11mOSD9CR5u+IXYdiseeEuXCVAjS54zqwkLcPNnmU4OeJ6tUrWhDw==

supports-preserve-symlinks-flag@^1.0.0:
  version "1.0.0"
  resolved "https://registry.npmjs.org/supports-preserve-symlinks-flag/-/supports-preserve-symlinks-flag-1.0.0.tgz"
  integrity sha512-ot0WnXS9fgdkgIcePe6RHNk1WA8+muPa6cSjeR3V8K27q9BB1rTE3R1p7Hv0z1ZyAc8s6Vvv8DIyWf681MAt0w==

tr46@~0.0.3:
  version "0.0.3"
  resolved "https://registry.npmjs.org/tr46/-/tr46-0.0.3.tgz"
  integrity sha512-N3WMsuqV66lT30CrXNbEjx4GEwlow3v6rr4mCcv6prnfwhS01rkgyFdjPNBYd9br7LpXV1+Emh01fHnq2Gdgrw==

unfetch@^4.2.0:
  version "4.2.0"
  resolved "https://registry.npmjs.org/unfetch/-/unfetch-4.2.0.tgz"
  integrity sha512-F9p7yYCn6cIW9El1zi0HI6vqpeIvBsr3dSuRO6Xuppb1u5rXpCPmMvLSyECLhybr9isec8Ohl0hPekMVrEinDA==

vite-plugin-top-level-await@^1.1.0:
  version "1.1.0"
  resolved "https://registry.npmjs.org/vite-plugin-top-level-await/-/vite-plugin-top-level-await-1.1.0.tgz"
  integrity sha512-tsbIqX76hfuGDgZqt/8DgCqXtWqeZv0T5LowR0M5BGWDsNlNItquDXaG2VMNhFjlcGTJl8owZMXeWwUUGl8kwQ==
  dependencies:
    "@swc/core" "^1.2.147"

vite@^3.0.0, vite@>=2.8:
  version "3.2.8"
  resolved "https://registry.npmjs.org/vite/-/vite-3.2.8.tgz"
  integrity sha512-EtQU16PLIJpAZol2cTLttNP1mX6L0SyI0pgQB1VOoWeQnMSvtiwovV3D6NcjN8CZQWWyESD2v5NGnpz5RvgOZA==
  dependencies:
    esbuild "^0.15.9"
    postcss "^8.4.18"
    resolve "^1.22.1"
    rollup "^2.79.1"
  optionalDependencies:
    fsevents "~2.3.2"

webidl-conversions@^3.0.0:
  version "3.0.1"
  resolved "https://registry.npmjs.org/webidl-conversions/-/webidl-conversions-3.0.1.tgz"
  integrity sha512-2JAn3z8AR6rjK8Sm8orRC0h/bcl/DqL7tRPdGZ4I1CjdF+EaMLmYxBHyXuKL849eucPFhvBoxMsflfOb8kxaeQ==

whatwg-url@^5.0.0:
  version "5.0.0"
  resolved "https://registry.npmjs.org/whatwg-url/-/whatwg-url-5.0.0.tgz"
  integrity sha512-saE57nupxk6v3HY35+jzBwYa0rKSy0XR8JSxZPwgLr7ys0IBzhGviA1/TUGJLmSVqs8pb9AnvICXEuOHLprYTw==
  dependencies:
    tr46 "~0.0.3"
    webidl-conversions "^3.0.0"
