# THIS IS AN AUTOGENERATED FILE. DO NOT EDIT THIS FILE DIRECTLY.
# yarn lockfile v1


"@auth0/auth0-spa-js@^1.22.1":
  version "1.22.1"
  resolved "https://registry.yarnpkg.com/@auth0/auth0-spa-js/-/auth0-spa-js-1.22.1.tgz#ae463b9820aa323525918e2f49cededb042f84e3"
  integrity sha512-l0FCmiN3XubpgCtB3U0ds4h+5WQNTnIF4eLT/fudHEtcyrT65QF/03LybGVdLyuvqdIF/D6OQsfjwYw0Ms605Q==
  dependencies:
    abortcontroller-polyfill "^1.7.3"
    browser-tabs-lock "^1.2.15"
    core-js "^3.22.6"
    es-cookie "^1.3.2"
    fast-text-encoding "^1.0.3"
    promise-polyfill "^8.2.3"
    unfetch "^4.2.0"

"@picocss/pico@^1.5.3":
  version "1.5.3"
  resolved "https://registry.yarnpkg.com/@picocss/pico/-/pico-1.5.3.tgz#82d759f7fcaa17086a12ced8be2353197b2ddfaa"
  integrity sha512-ZdZOxjlmj0BkpGpYo/ODgAcFpqIgpAACqEmIgpFtxHkam06ITfUfcj9+mPcd+Ti8Dh0KCSvHpmSnJA3+tOStlQ==

"@swc/core-android-arm-eabi@1.2.218":
  version "1.2.218"
  resolved "https://registry.yarnpkg.com/@swc/core-android-arm-eabi/-/core-android-arm-eabi-1.2.218.tgz#017792272e70a0511d7df3397a31d73c6ef37b40"
  integrity sha512-Q/uLCh262t3xxNzhCz+ZW9t+g2nWd0gZZO4jMYFWJs7ilKVNsBfRtfnNGGACHzkVuWLNDIWtAS2PSNodl7VUHQ==

"@swc/core-android-arm64@1.2.218":
  version "1.2.218"
  resolved "https://registry.yarnpkg.com/@swc/core-android-arm64/-/core-android-arm64-1.2.218.tgz#ee1b6cd7281d9bd0f26d5d24843addf09365c137"
  integrity sha512-dy+8lUHUcyrkfPcl7azEQ4M44duRo1Uibz1E5/tltXCGoR6tu2ZN2VkqEKgA2a9XR3UD8/x4lv2r5evwJWy+uQ==

"@swc/core-darwin-arm64@1.2.218":
  version "1.2.218"
  resolved "https://registry.yarnpkg.com/@swc/core-darwin-arm64/-/core-darwin-arm64-1.2.218.tgz#d73f6eedf0aac4ad117e67227d65d65c57657858"
  integrity sha512-aTpFjWio8G0oukN76VtXCBPtFzH0PXIQ+1dFjGGkzrBcU5suztCCbhPBGhKRoWp3NJBwfPDwwWzmG+ddXrVAKg==

"@swc/core-darwin-x64@1.2.218":
  version "1.2.218"
  resolved "https://registry.yarnpkg.com/@swc/core-darwin-x64/-/core-darwin-x64-1.2.218.tgz#a872c618727ceac8780539b5fa8aa45ae600d362"
  integrity sha512-H3w/gNzROE6gVPZCAg5qvvPihzlg88Yi7HWb/mowfpNqH9/iJ8XMdwqJyovnfUeUXsuJQBFv6uXv/ri7qhGMHA==

"@swc/core-freebsd-x64@1.2.218":
  version "1.2.218"
  resolved "https://registry.yarnpkg.com/@swc/core-freebsd-x64/-/core-freebsd-x64-1.2.218.tgz#6abc75e409739cad2ed9d57c1c741e8e5759794c"
  integrity sha512-kkch07yCSlpUrSMp0FZPWtMHJjh3lfHiwp7JYNf6CUl5xXlgT19NeomPYq31dbTzPV2VnE7TVVlAawIjuuOH4g==

"@swc/core-linux-arm-gnueabihf@1.2.218":
  version "1.2.218"
  resolved "https://registry.yarnpkg.com/@swc/core-linux-arm-gnueabihf/-/core-linux-arm-gnueabihf-1.2.218.tgz#a1a1bb172632082766770e47426df606c828d28c"
  integrity sha512-vwEgvtD9f/+0HFxYD5q4sd8SG6zd0cxm17cwRGZ6jWh/d4Ninjht3CpDGE1ffh9nJ+X3Mb/7rjU/kTgWFz5qfg==

"@swc/core-linux-arm64-gnu@1.2.218":
  version "1.2.218"
  resolved "https://registry.yarnpkg.com/@swc/core-linux-arm64-gnu/-/core-linux-arm64-gnu-1.2.218.tgz#4d3325cd35016dd5ec389084bd5c304348002b15"
  integrity sha512-g5PQI6COUHV7x7tyaZQn6jXWtOLXXNIEQK1HS5/e+6kqqsM2NsndE9bjLhoH1EQuXiN2eUjAR/ZDOFAg102aRw==

"@swc/core-linux-arm64-musl@1.2.218":
  version "1.2.218"
  resolved "https://registry.yarnpkg.com/@swc/core-linux-arm64-musl/-/core-linux-arm64-musl-1.2.218.tgz#8abab2fe12bb6a7687ff3bbd6030fcc728ed007d"
  integrity sha512-IETYHB6H01NmVmlw+Ng8nkjdFBv1exGQRR74GAnHis1bVx1Uq14hREIF6XT3I1Aj26nRwlGkIYQuEKnFO5/j3Q==

"@swc/core-linux-x64-gnu@1.2.218":
  version "1.2.218"
  resolved "https://registry.yarnpkg.com/@swc/core-linux-x64-gnu/-/core-linux-x64-gnu-1.2.218.tgz#39227c15018d9b5253e7679bc8bbe3fd7ed109cd"
  integrity sha512-PK39Zg4/YZbfchQRw77iVfB7Qat7QaK58sQt8enH39CUMXlJ+GSfC0Fqw2mtZ12sFGwmsGrK9yBy3ZVoOws5Ng==

"@swc/core-linux-x64-musl@1.2.218":
  version "1.2.218"
  resolved "https://registry.yarnpkg.com/@swc/core-linux-x64-musl/-/core-linux-x64-musl-1.2.218.tgz#d661bfc6a9f0c35979c0e608777355222092e534"
  integrity sha512-SNjrzORJYiKTSmFbaBkKZAf5B/PszwoZoFZOcd86AG192zsvQBSvKjQzMjT5rDZxB+sOnhRE7wH/bvqxZishQQ==

"@swc/core-win32-arm64-msvc@1.2.218":
  version "1.2.218"
  resolved "https://registry.yarnpkg.com/@swc/core-win32-arm64-msvc/-/core-win32-arm64-msvc-1.2.218.tgz#ea94260b36010d67f529d2f73c99e7d338a98711"
  integrity sha512-lVXFWkYl+w8+deq9mgGsfvSY5Gr1RRjFgqZ+0wMZgyaonfx7jNn3TILUwc7egumEwxK0anNriVZCyKfcO3ZIjA==

"@swc/core-win32-ia32-msvc@1.2.218":
  version "1.2.218"
  resolved "https://registry.yarnpkg.com/@swc/core-win32-ia32-msvc/-/core-win32-ia32-msvc-1.2.218.tgz#b5b5fbbe17680e0e1626d974ac2ace2866da7639"
  integrity sha512-jgP+NZsHUh9Cp8PcXznnkpJTW3hPDLUgsXI0NKfE+8+Xvc6hALHxl6K46IyPYU67FfFlegYcBSNkOgpc85gk0A==

"@swc/core-win32-x64-msvc@1.2.218":
  version "1.2.218"
  resolved "https://registry.yarnpkg.com/@swc/core-win32-x64-msvc/-/core-win32-x64-msvc-1.2.218.tgz#9f6ba50cac6e3322d844cc24418c7b0ab08f7e0e"
  integrity sha512-XYLjX00KV4ft324Q3QDkw61xHkoN7EKkVvIpb0wXaf6wVshwU+BCDyPw2CSg4PQecNP8QGgMRQf9QM7xNtEM7A==

"@swc/core@^1.2.147":
  version "1.2.218"
  resolved "https://registry.yarnpkg.com/@swc/core/-/core-1.2.218.tgz#3bc7532621f491bf920d103a4a0433ac7df9d390"
  integrity sha512-wzXTeBUi3YAHr305lCo1tlxRj5Zpk7hu6rmulngH06NgrH7fS6bj8IaR7K2QPZ4ZZ4U+TGS2tOKbXBmqeMRUtg==
  optionalDependencies:
    "@swc/core-android-arm-eabi" "1.2.218"
    "@swc/core-android-arm64" "1.2.218"
    "@swc/core-darwin-arm64" "1.2.218"
    "@swc/core-darwin-x64" "1.2.218"
    "@swc/core-freebsd-x64" "1.2.218"
    "@swc/core-linux-arm-gnueabihf" "1.2.218"
    "@swc/core-linux-arm64-gnu" "1.2.218"
    "@swc/core-linux-arm64-musl" "1.2.218"
    "@swc/core-linux-x64-gnu" "1.2.218"
    "@swc/core-linux-x64-musl" "1.2.218"
    "@swc/core-win32-arm64-msvc" "1.2.218"
    "@swc/core-win32-ia32-msvc" "1.2.218"
    "@swc/core-win32-x64-msvc" "1.2.218"

"@types/node@>=8.0.0 <15":
  version "14.18.22"
  resolved "https://registry.yarnpkg.com/@types/node/-/node-14.18.22.tgz#fd2a15dca290fc9ad565b672fde746191cd0c6e6"
  integrity sha512-qzaYbXVzin6EPjghf/hTdIbnVW1ErMx8rPzwRNJhlbyJhu2SyqlvjGOY/tbUt6VFyzg56lROcOeSQRInpt63Yw==

abort-controller@^3.0.0:
  version "3.0.0"
  resolved "https://registry.yarnpkg.com/abort-controller/-/abort-controller-3.0.0.tgz#eaf54d53b62bae4138e809ca225c8439a6efb392"
  integrity sha512-h8lQ8tacZYnR3vNQTgibj+tODHI5/+l06Au2Pcriv/Gmet0eaj4TwWH41sO9wnHDiQsEj19q0drzdWdeAHtweg==
  dependencies:
    event-target-shim "^5.0.0"

abortcontroller-polyfill@^1.4.0, abortcontroller-polyfill@^1.7.3:
  version "1.7.3"
  resolved "https://registry.yarnpkg.com/abortcontroller-polyfill/-/abortcontroller-polyfill-1.7.3.tgz#1b5b487bd6436b5b764fd52a612509702c3144b5"
  integrity sha512-zetDJxd89y3X99Kvo4qFx8GKlt6GsvN3UcRZHwU6iFA/0KiOmhkTVhe8oRoTBiTVPZu09x3vCra47+w8Yz1+2Q==

airtable@^0.11.4:
  version "0.11.4"
  resolved "https://registry.yarnpkg.com/airtable/-/airtable-0.11.4.tgz#1f8bef44c82a185f05655fc5e9c9563b1ee775ec"
  integrity sha512-y8sEi/sMEdgtgvv0V8AhJyFQB9za+6qGIxllt60Ey5ELBgu+bNEc1hjY2aqzp9C38p0ORfaeRS5RSFWlcq11Aw==
  dependencies:
    "@types/node" ">=8.0.0 <15"
    abort-controller "^3.0.0"
    abortcontroller-polyfill "^1.4.0"
    lodash "^4.17.21"
    node-fetch "^2.6.7"

browser-tabs-lock@^1.2.15:
  version "1.2.15"
  resolved "https://registry.yarnpkg.com/browser-tabs-lock/-/browser-tabs-lock-1.2.15.tgz#d5012e652e2a0cb4eba471b0a2300c2fa5d92788"
  integrity sha512-J8K9vdivK0Di+b8SBdE7EZxDr88TnATing7XoLw6+nFkXMQ6sVBh92K3NQvZlZU91AIkFRi0w3sztk5Z+vsswA==
  dependencies:
    lodash ">=4.17.21"

core-js@^3.22.6:
  version "3.23.5"
  resolved "https://registry.yarnpkg.com/core-js/-/core-js-3.23.5.tgz#1f82b0de5eece800827a2f59d597509c67650475"
  integrity sha512-7Vh11tujtAZy82da4duVreQysIoO2EvVrur7y6IzZkH1IHPSekuDi8Vuw1+YKjkbfWLRD7Nc9ICQ/sIUDutcyg==

es-cookie@^1.3.2:
  version "1.3.2"
  resolved "https://registry.yarnpkg.com/es-cookie/-/es-cookie-1.3.2.tgz#80e831597f72a25721701bdcb21d990319acd831"
  integrity sha512-UTlYYhXGLOy05P/vKVT2Ui7WtC7NiRzGtJyAKKn32g5Gvcjn7KAClLPWlipCtxIus934dFg9o9jXiBL0nP+t9Q==

esbuild-android-64@0.14.49:
  version "0.14.49"
  resolved "https://registry.yarnpkg.com/esbuild-android-64/-/esbuild-android-64-0.14.49.tgz#9e4682c36dcf6e7b71b73d2a3723a96e0fdc5054"
  integrity sha512-vYsdOTD+yi+kquhBiFWl3tyxnj2qZJsl4tAqwhT90ktUdnyTizgle7TjNx6Ar1bN7wcwWqZ9QInfdk2WVagSww==

esbuild-android-arm64@0.14.49:
  version "0.14.49"
  resolved "https://registry.yarnpkg.com/esbuild-android-arm64/-/esbuild-android-arm64-0.14.49.tgz#9861b1f7e57d1dd1f23eeef6198561c5f34b51f6"
  integrity sha512-g2HGr/hjOXCgSsvQZ1nK4nW/ei8JUx04Li74qub9qWrStlysaVmadRyTVuW32FGIpLQyc5sUjjZopj49eGGM2g==

esbuild-darwin-64@0.14.49:
  version "0.14.49"
  resolved "https://registry.yarnpkg.com/esbuild-darwin-64/-/esbuild-darwin-64-0.14.49.tgz#fd30a5ebe28704a3a117126c60f98096c067c8d1"
  integrity sha512-3rvqnBCtX9ywso5fCHixt2GBCUsogNp9DjGmvbBohh31Ces34BVzFltMSxJpacNki96+WIcX5s/vum+ckXiLYg==

esbuild-darwin-arm64@0.14.49:
  version "0.14.49"
  resolved "https://registry.yarnpkg.com/esbuild-darwin-arm64/-/esbuild-darwin-arm64-0.14.49.tgz#c04a3a57dad94a972c66a697a68a25aa25947f41"
  integrity sha512-XMaqDxO846srnGlUSJnwbijV29MTKUATmOLyQSfswbK/2X5Uv28M9tTLUJcKKxzoo9lnkYPsx2o8EJcTYwCs/A==

esbuild-freebsd-64@0.14.49:
  version "0.14.49"
  resolved "https://registry.yarnpkg.com/esbuild-freebsd-64/-/esbuild-freebsd-64-0.14.49.tgz#c404dbd66c98451395b1eef0fa38b73030a7be82"
  integrity sha512-NJ5Q6AjV879mOHFri+5lZLTp5XsO2hQ+KSJYLbfY9DgCu8s6/Zl2prWXVANYTeCDLlrIlNNYw8y34xqyLDKOmQ==

esbuild-freebsd-arm64@0.14.49:
  version "0.14.49"
  resolved "https://registry.yarnpkg.com/esbuild-freebsd-arm64/-/esbuild-freebsd-arm64-0.14.49.tgz#b62cec96138ebc5937240ce3e1b97902963ea74a"
  integrity sha512-lFLtgXnAc3eXYqj5koPlBZvEbBSOSUbWO3gyY/0+4lBdRqELyz4bAuamHvmvHW5swJYL7kngzIZw6kdu25KGOA==

esbuild-linux-32@0.14.49:
  version "0.14.49"
  resolved "https://registry.yarnpkg.com/esbuild-linux-32/-/esbuild-linux-32-0.14.49.tgz#495b1cc011b8c64d8bbaf65509c1e7135eb9ddbf"
  integrity sha512-zTTH4gr2Kb8u4QcOpTDVn7Z8q7QEIvFl/+vHrI3cF6XOJS7iEI1FWslTo3uofB2+mn6sIJEQD9PrNZKoAAMDiA==

esbuild-linux-64@0.14.49:
  version "0.14.49"
  resolved "https://registry.yarnpkg.com/esbuild-linux-64/-/esbuild-linux-64-0.14.49.tgz#3f28dd8f986e6ff42f38888ee435a9b1fb916a56"
  integrity sha512-hYmzRIDzFfLrB5c1SknkxzM8LdEUOusp6M2TnuQZJLRtxTgyPnZZVtyMeCLki0wKgYPXkFsAVhi8vzo2mBNeTg==

esbuild-linux-arm64@0.14.49:
  version "0.14.49"
  resolved "https://registry.yarnpkg.com/esbuild-linux-arm64/-/esbuild-linux-arm64-0.14.49.tgz#a52e99ae30246566dc5f33e835aa6ca98ef70e33"
  integrity sha512-KLQ+WpeuY+7bxukxLz5VgkAAVQxUv67Ft4DmHIPIW+2w3ObBPQhqNoeQUHxopoW/aiOn3m99NSmSV+bs4BSsdA==

esbuild-linux-arm@0.14.49:
  version "0.14.49"
  resolved "https://registry.yarnpkg.com/esbuild-linux-arm/-/esbuild-linux-arm-0.14.49.tgz#7c33d05a64ec540cf7474834adaa57b3167bbe97"
  integrity sha512-iE3e+ZVv1Qz1Sy0gifIsarJMQ89Rpm9mtLSRtG3AH0FPgAzQ5Z5oU6vYzhc/3gSPi2UxdCOfRhw2onXuFw/0lg==

esbuild-linux-mips64le@0.14.49:
  version "0.14.49"
  resolved "https://registry.yarnpkg.com/esbuild-linux-mips64le/-/esbuild-linux-mips64le-0.14.49.tgz#ed062bd844b587be649443831eb84ba304685f25"
  integrity sha512-n+rGODfm8RSum5pFIqFQVQpYBw+AztL8s6o9kfx7tjfK0yIGF6tm5HlG6aRjodiiKkH2xAiIM+U4xtQVZYU4rA==

esbuild-linux-ppc64le@0.14.49:
  version "0.14.49"
  resolved "https://registry.yarnpkg.com/esbuild-linux-ppc64le/-/esbuild-linux-ppc64le-0.14.49.tgz#c0786fb5bddffd90c10a2078181513cbaf077958"
  integrity sha512-WP9zR4HX6iCBmMFH+XHHng2LmdoIeUmBpL4aL2TR8ruzXyT4dWrJ5BSbT8iNo6THN8lod6GOmYDLq/dgZLalGw==

esbuild-linux-riscv64@0.14.49:
  version "0.14.49"
  resolved "https://registry.yarnpkg.com/esbuild-linux-riscv64/-/esbuild-linux-riscv64-0.14.49.tgz#579b0e7cc6fce4bfc698e991a52503bb616bec49"
  integrity sha512-h66ORBz+Dg+1KgLvzTVQEA1LX4XBd1SK0Fgbhhw4akpG/YkN8pS6OzYI/7SGENiN6ao5hETRDSkVcvU9NRtkMQ==

esbuild-linux-s390x@0.14.49:
  version "0.14.49"
  resolved "https://registry.yarnpkg.com/esbuild-linux-s390x/-/esbuild-linux-s390x-0.14.49.tgz#09eb15c753e249a500b4e28d07c5eef7524a9740"
  integrity sha512-DhrUoFVWD+XmKO1y7e4kNCqQHPs6twz6VV6Uezl/XHYGzM60rBewBF5jlZjG0nCk5W/Xy6y1xWeopkrhFFM0sQ==

esbuild-netbsd-64@0.14.49:
  version "0.14.49"
  resolved "https://registry.yarnpkg.com/esbuild-netbsd-64/-/esbuild-netbsd-64-0.14.49.tgz#f7337cd2bddb7cc9d100d19156f36c9ca117b58d"
  integrity sha512-BXaUwFOfCy2T+hABtiPUIpWjAeWK9P8O41gR4Pg73hpzoygVGnj0nI3YK4SJhe52ELgtdgWP/ckIkbn2XaTxjQ==

esbuild-openbsd-64@0.14.49:
  version "0.14.49"
  resolved "https://registry.yarnpkg.com/esbuild-openbsd-64/-/esbuild-openbsd-64-0.14.49.tgz#1f8bdc49f8a44396e73950a3fb6b39828563631d"
  integrity sha512-lP06UQeLDGmVPw9Rg437Btu6J9/BmyhdoefnQ4gDEJTtJvKtQaUcOQrhjTq455ouZN4EHFH1h28WOJVANK41kA==

esbuild-sunos-64@0.14.49:
  version "0.14.49"
  resolved "https://registry.yarnpkg.com/esbuild-sunos-64/-/esbuild-sunos-64-0.14.49.tgz#47d042739365b61aa8ca642adb69534a8eef9f7a"
  integrity sha512-4c8Zowp+V3zIWje329BeLbGh6XI9c/rqARNaj5yPHdC61pHI9UNdDxT3rePPJeWcEZVKjkiAS6AP6kiITp7FSw==

esbuild-windows-32@0.14.49:
  version "0.14.49"
  resolved "https://registry.yarnpkg.com/esbuild-windows-32/-/esbuild-windows-32-0.14.49.tgz#79198c88ec9bde163c18a6b430c34eab098ec21a"
  integrity sha512-q7Rb+J9yHTeKr9QTPDYkqfkEj8/kcKz9lOabDuvEXpXuIcosWCJgo5Z7h/L4r7rbtTH4a8U2FGKb6s1eeOHmJA==

esbuild-windows-64@0.14.49:
  version "0.14.49"
  resolved "https://registry.yarnpkg.com/esbuild-windows-64/-/esbuild-windows-64-0.14.49.tgz#b36b230d18d1ee54008e08814c4799c7806e8c79"
  integrity sha512-+Cme7Ongv0UIUTniPqfTX6mJ8Deo7VXw9xN0yJEN1lQMHDppTNmKwAM3oGbD/Vqff+07K2gN0WfNkMohmG+dVw==

esbuild-windows-arm64@0.14.49:
  version "0.14.49"
  resolved "https://registry.yarnpkg.com/esbuild-windows-arm64/-/esbuild-windows-arm64-0.14.49.tgz#d83c03ff6436caf3262347cfa7e16b0a8049fae7"
  integrity sha512-v+HYNAXzuANrCbbLFJ5nmO3m5y2PGZWLe3uloAkLt87aXiO2mZr3BTmacZdjwNkNEHuH3bNtN8cak+mzVjVPfA==

esbuild@^0.14.47:
  version "0.14.49"
  resolved "https://registry.yarnpkg.com/esbuild/-/esbuild-0.14.49.tgz#b82834760eba2ddc17b44f05cfcc0aaca2bae492"
  integrity sha512-/TlVHhOaq7Yz8N1OJrjqM3Auzo5wjvHFLk+T8pIue+fhnhIMpfAzsG6PLVMbFveVxqD2WOp3QHei+52IMUNmCw==
  optionalDependencies:
    esbuild-android-64 "0.14.49"
    esbuild-android-arm64 "0.14.49"
    esbuild-darwin-64 "0.14.49"
    esbuild-darwin-arm64 "0.14.49"
    esbuild-freebsd-64 "0.14.49"
    esbuild-freebsd-arm64 "0.14.49"
    esbuild-linux-32 "0.14.49"
    esbuild-linux-64 "0.14.49"
    esbuild-linux-arm "0.14.49"
    esbuild-linux-arm64 "0.14.49"
    esbuild-linux-mips64le "0.14.49"
    esbuild-linux-ppc64le "0.14.49"
    esbuild-linux-riscv64 "0.14.49"
    esbuild-linux-s390x "0.14.49"
    esbuild-netbsd-64 "0.14.49"
    esbuild-openbsd-64 "0.14.49"
    esbuild-sunos-64 "0.14.49"
    esbuild-windows-32 "0.14.49"
    esbuild-windows-64 "0.14.49"
    esbuild-windows-arm64 "0.14.49"

event-target-shim@^5.0.0:
  version "5.0.1"
  resolved "https://registry.yarnpkg.com/event-target-shim/-/event-target-shim-5.0.1.tgz#5d4d3ebdf9583d63a5333ce2deb7480ab2b05789"
  integrity sha512-i/2XbnSz/uxRCU6+NdVJgKWDTM427+MqYbkQzD321DuCQJUqOuJKIA0IM2+W2xtYHdKOmZ4dR6fExsd4SXL+WQ==

fast-text-encoding@^1.0.3:
  version "1.0.4"
  resolved "https://registry.yarnpkg.com/fast-text-encoding/-/fast-text-encoding-1.0.4.tgz#bf1898ad800282a4e53c0ea9690704dd26e4298e"
  integrity sha512-x6lDDm/tBAzX9kmsPcZsNbvDs3Zey3+scsxaZElS8xWLgUMAg/oFLeewfUz0mu1CblHhhsu15jGkraldkFh8KQ==

fsevents@~2.3.2:
  version "2.3.2"
  resolved "https://registry.yarnpkg.com/fsevents/-/fsevents-2.3.2.tgz#8a526f78b8fdf4623b709e0b975c52c24c02fd1a"
  integrity sha512-xiqMQR4xAeHTuB9uWm+fFRcIOgKBMiOBP+eXiyT7jsgVCq1bkVygt00oASowB7EdtpOHaaPgKt812P9ab+DDKA==

function-bind@^1.1.1:
  version "1.1.1"
  resolved "https://registry.yarnpkg.com/function-bind/-/function-bind-1.1.1.tgz#a56899d3ea3c9bab874bb9773b7c5ede92f4895d"
  integrity sha512-yIovAzMX49sF8Yl58fSCWJ5svSLuaibPxXQJFLmBObTuCr0Mf1KiPopGM9NiFjiYBCbfaa2Fh6breQ6ANVTI0A==

has@^1.0.3:
  version "1.0.3"
  resolved "https://registry.yarnpkg.com/has/-/has-1.0.3.tgz#722d7cbfc1f6aa8241f16dd814e011e1f41e8796"
  integrity sha512-f2dvO0VU6Oej7RkWJGrehjbzMAjFp5/VKPp5tTpWIV4JHHZK1/BxbFRtf/siA2SWTe09caDmVtYYzWEIbBS4zw==
  dependencies:
    function-bind "^1.1.1"

is-core-module@^2.9.0:
  version "2.9.0"
  resolved "https://registry.yarnpkg.com/is-core-module/-/is-core-module-2.9.0.tgz#e1c34429cd51c6dd9e09e0799e396e27b19a9c69"
  integrity sha512-+5FPy5PnwmO3lvfMb0AsoPaBG+5KHUI0wYFXOtYPnVVVspTFUuMZNfNaNVRt3FZadstu2c8x23vykRW/NBoU6A==
  dependencies:
    has "^1.0.3"

lodash@>=4.17.21, lodash@^4.17.21:
  version "4.17.21"
  resolved "https://registry.yarnpkg.com/lodash/-/lodash-4.17.21.tgz#679591c564c3bffaae8454cf0b3df370c3d6911c"
  integrity sha512-v2kDEe57lecTulaDIuNTPy3Ry4gLGJ6Z1O3vE1krgXZNrsQ+LFTGHVxVjcXPs17LhbZVGedAJv8XZ1tvj5FvSg==

logrocket@^3.0.1:
  version "3.0.1"
  resolved "https://registry.yarnpkg.com/logrocket/-/logrocket-3.0.1.tgz#c746e8df3d5fee999b152975e51db1908357a6f0"
  integrity sha512-jOWG+jEzobKVxGytzZ+4KGm2kiMQMRTHab2uDWQyVZcHfEF38BlCH1yjQVY4LCmuQUwZitP9biMzJZnyUQ0dtQ==

nanoid@^3.3.4:
  version "3.3.4"
  resolved "https://registry.yarnpkg.com/nanoid/-/nanoid-3.3.4.tgz#730b67e3cd09e2deacf03c027c81c9d9dbc5e8ab"
  integrity sha512-MqBkQh/OHTS2egovRtLk45wEyNXwF+cokD+1YPf9u5VfJiRdAiRwB2froX5Co9Rh20xs4siNPm8naNotSD6RBw==

node-fetch@^2.6.7:
  version "2.6.7"
  resolved "https://registry.yarnpkg.com/node-fetch/-/node-fetch-2.6.7.tgz#24de9fba827e3b4ae44dc8b20256a379160052ad"
  integrity sha512-ZjMPFEfVx5j+y2yF35Kzx5sF7kDzxuDj6ziH4FFbOp87zKDZNx8yExJIb05OGF4Nlt9IHFIMBkRl41VdvcNdbQ==
  dependencies:
    whatwg-url "^5.0.0"

path-parse@^1.0.7:
  version "1.0.7"
  resolved "https://registry.yarnpkg.com/path-parse/-/path-parse-1.0.7.tgz#fbc114b60ca42b30d9daf5858e4bd68bbedb6735"
  integrity sha512-LDJzPVEEEPR+y48z93A0Ed0yXb8pAByGWo/k5YYdYgpY2/2EsOsksJrq7lOHxryrVOn1ejG6oAp8ahvOIQD8sw==

picocolors@^1.0.0:
  version "1.0.0"
  resolved "https://registry.yarnpkg.com/picocolors/-/picocolors-1.0.0.tgz#cb5bdc74ff3f51892236eaf79d68bc44564ab81c"
  integrity sha512-1fygroTLlHu66zi26VoTDv8yRgm0Fccecssto+MhsZ0D/DGW2sm8E8AjW7NU5VVTRt5GxbeZ5qBuJr+HyLYkjQ==

postcss@^8.4.14:
  version "8.4.14"
  resolved "https://registry.yarnpkg.com/postcss/-/postcss-8.4.14.tgz#ee9274d5622b4858c1007a74d76e42e56fd21caf"
  integrity sha512-E398TUmfAYFPBSdzgeieK2Y1+1cpdxJx8yXbK/m57nRhKSmk1GB2tO4lbLBtlkfPQTDKfe4Xqv1ASWPpayPEig==
  dependencies:
    nanoid "^3.3.4"
    picocolors "^1.0.0"
    source-map-js "^1.0.2"

promise-polyfill@^8.2.3:
  version "8.2.3"
  resolved "https://registry.yarnpkg.com/promise-polyfill/-/promise-polyfill-8.2.3.tgz#2edc7e4b81aff781c88a0d577e5fe9da822107c6"
  integrity sha512-Og0+jCRQetV84U8wVjMNccfGCnMQ9mGs9Hv78QFe+pSDD3gWTpz0y+1QCuxy5d/vBFuZ3iwP2eycAkvqIMPmWg==

resolve@^1.22.1:
  version "1.22.1"
  resolved "https://registry.yarnpkg.com/resolve/-/resolve-1.22.1.tgz#27cb2ebb53f91abb49470a928bba7558066ac177"
  integrity sha512-nBpuuYuY5jFsli/JIs1oldw6fOQCBioohqWZg/2hiaOybXOft4lonv85uDOKXdf8rhyK159cxU5cDcK/NKk8zw==
  dependencies:
    is-core-module "^2.9.0"
    path-parse "^1.0.7"
    supports-preserve-symlinks-flag "^1.0.0"

rollup@^2.75.6:
  version "2.77.0"
  resolved "https://registry.yarnpkg.com/rollup/-/rollup-2.77.0.tgz#749eaa5ac09b6baa52acc076bc46613eddfd53f4"
  integrity sha512-vL8xjY4yOQEw79DvyXLijhnhh+R/O9zpF/LEgkCebZFtb6ELeN9H3/2T0r8+mp+fFTBHZ5qGpOpW2ela2zRt3g==
  optionalDependencies:
    fsevents "~2.3.2"

source-map-js@^1.0.2:
  version "1.0.2"
  resolved "https://registry.yarnpkg.com/source-map-js/-/source-map-js-1.0.2.tgz#adbc361d9c62df380125e7f161f71c826f1e490c"
  integrity sha512-R0XvVJ9WusLiqTCEiGCmICCMplcCkIwwR11mOSD9CR5u+IXYdiseeEuXCVAjS54zqwkLcPNnmU4OeJ6tUrWhDw==

supports-preserve-symlinks-flag@^1.0.0:
  version "1.0.0"
  resolved "https://registry.yarnpkg.com/supports-preserve-symlinks-flag/-/supports-preserve-symlinks-flag-1.0.0.tgz#6eda4bd344a3c94aea376d4cc31bc77311039e09"
  integrity sha512-ot0WnXS9fgdkgIcePe6RHNk1WA8+muPa6cSjeR3V8K27q9BB1rTE3R1p7Hv0z1ZyAc8s6Vvv8DIyWf681MAt0w==

tr46@~0.0.3:
  version "0.0.3"
  resolved "https://registry.yarnpkg.com/tr46/-/tr46-0.0.3.tgz#8184fd347dac9cdc185992f3a6622e14b9d9ab6a"
  integrity sha512-N3WMsuqV66lT30CrXNbEjx4GEwlow3v6rr4mCcv6prnfwhS01rkgyFdjPNBYd9br7LpXV1+Emh01fHnq2Gdgrw==

unfetch@^4.2.0:
  version "4.2.0"
  resolved "https://registry.yarnpkg.com/unfetch/-/unfetch-4.2.0.tgz#7e21b0ef7d363d8d9af0fb929a5555f6ef97a3be"
  integrity sha512-F9p7yYCn6cIW9El1zi0HI6vqpeIvBsr3dSuRO6Xuppb1u5rXpCPmMvLSyECLhybr9isec8Ohl0hPekMVrEinDA==

vite-plugin-top-level-await@^1.1.0:
  version "1.1.0"
  resolved "https://registry.yarnpkg.com/vite-plugin-top-level-await/-/vite-plugin-top-level-await-1.1.0.tgz#b0399ef3bfad48c0edf554c1d69b2939d96745fb"
  integrity sha512-tsbIqX76hfuGDgZqt/8DgCqXtWqeZv0T5LowR0M5BGWDsNlNItquDXaG2VMNhFjlcGTJl8owZMXeWwUUGl8kwQ==
  dependencies:
    "@swc/core" "^1.2.147"

vite@^3.0.0:
  version "3.0.0"
  resolved "https://registry.yarnpkg.com/vite/-/vite-3.0.0.tgz#b4675cb9ab83ec0803b9c952ffa6519bcce033a7"
  integrity sha512-M7phQhY3+fRZa0H+1WzI6N+/onruwPTBTMvaj7TzgZ0v2TE+N2sdLKxJOfOv9CckDWt5C4HmyQP81xB4dwRKzA==
  dependencies:
    esbuild "^0.14.47"
    postcss "^8.4.14"
    resolve "^1.22.1"
    rollup "^2.75.6"
  optionalDependencies:
    fsevents "~2.3.2"

webidl-conversions@^3.0.0:
  version "3.0.1"
  resolved "https://registry.yarnpkg.com/webidl-conversions/-/webidl-conversions-3.0.1.tgz#24534275e2a7bc6be7bc86611cc16ae0a5654871"
  integrity sha512-2JAn3z8AR6rjK8Sm8orRC0h/bcl/DqL7tRPdGZ4I1CjdF+EaMLmYxBHyXuKL849eucPFhvBoxMsflfOb8kxaeQ==

whatwg-url@^5.0.0:
  version "5.0.0"
  resolved "https://registry.yarnpkg.com/whatwg-url/-/whatwg-url-5.0.0.tgz#966454e8765462e37644d3626f6742ce8b70965d"
  integrity sha512-saE57nupxk6v3HY35+jzBwYa0rKSy0XR8JSxZPwgLr7ys0IBzhGviA1/TUGJLmSVqs8pb9AnvICXEuOHLprYTw==
  dependencies:
    tr46 "~0.0.3"
    webidl-conversions "^3.0.0"
